// !$*UTF8*$!
{
	archiveVersion = 1;
	classes = {
	};
	objectVersion = 48;
	objects = {

/* Begin PBXBuildFile section */
		2BE92D1D208808CC008BA7C0 /* Product.swift in Sources */ = {isa = PBXBuildFile; fileRef = 2BE92D1C208808CC008BA7C0 /* Product.swift */; };
		FC7754C22066E7FA00FF69E1 /* AppDelegate.swift in Sources */ = {isa = PBXBuildFile; fileRef = FC7754C12066E7FA00FF69E1 /* AppDelegate.swift */; };
		FC7754C72066E7FA00FF69E1 /* Main.storyboard in Resources */ = {isa = PBXBuildFile; fileRef = FC7754C52066E7FA00FF69E1 /* Main.storyboard */; };
		FC7754C92066E7FA00FF69E1 /* Assets.xcassets in Resources */ = {isa = PBXBuildFile; fileRef = FC7754C82066E7FA00FF69E1 /* Assets.xcassets */; };
		FC7754CC2066E7FA00FF69E1 /* LaunchScreen.storyboard in Resources */ = {isa = PBXBuildFile; fileRef = FC7754CA2066E7FA00FF69E1 /* LaunchScreen.storyboard */; };
		FC7754D62066EE9C00FF69E1 /* ProductViewController.swift in Sources */ = {isa = PBXBuildFile; fileRef = FC7754D52066EE9C00FF69E1 /* ProductViewController.swift */; };
		FC7754D82066F9AC00FF69E1 /* ContactViewController.swift in Sources */ = {isa = PBXBuildFile; fileRef = FC7754D72066F9AC00FF69E1 /* ContactViewController.swift */; };
		FC7754DA206705CC00FF69E1 /* ProductsTableViewController.swift in Sources */ = {isa = PBXBuildFile; fileRef = FC7754D9206705CC00FF69E1 /* ProductsTableViewController.swift */; };
/* End PBXBuildFile section */

/* Begin PBXFileReference section */
		2BE92D1C208808CC008BA7C0 /* Product.swift */ = {isa = PBXFileReference; lastKnownFileType = sourcecode.swift; path = Product.swift; sourceTree = "<group>"; };
		FC7754BE2066E7F900FF69E1 /* GoodAsOldPhone.app */ = {isa = PBXFileReference; explicitFileType = wrapper.application; includeInIndex = 0; path = GoodAsOldPhone.app; sourceTree = BUILT_PRODUCTS_DIR; };
		FC7754C12066E7FA00FF69E1 /* AppDelegate.swift */ = {isa = PBXFileReference; lastKnownFileType = sourcecode.swift; path = AppDelegate.swift; sourceTree = "<group>"; };
		FC7754C62066E7FA00FF69E1 /* Base */ = {isa = PBXFileReference; lastKnownFileType = file.storyboard; name = Base; path = Base.lproj/Main.storyboard; sourceTree = "<group>"; };
		FC7754C82066E7FA00FF69E1 /* Assets.xcassets */ = {isa = PBXFileReference; lastKnownFileType = folder.assetcatalog; path = Assets.xcassets; sourceTree = "<group>"; };
		FC7754CB2066E7FA00FF69E1 /* Base */ = {isa = PBXFileReference; lastKnownFileType = file.storyboard; name = Base; path = Base.lproj/LaunchScreen.storyboard; sourceTree = "<group>"; };
		FC7754CD2066E7FA00FF69E1 /* Info.plist */ = {isa = PBXFileReference; lastKnownFileType = text.plist.xml; path = Info.plist; sourceTree = "<group>"; };
		FC7754D52066EE9C00FF69E1 /* ProductViewController.swift */ = {isa = PBXFileReference; lastKnownFileType = sourcecode.swift; path = ProductViewController.swift; sourceTree = "<group>"; };
		FC7754D72066F9AC00FF69E1 /* ContactViewController.swift */ = {isa = PBXFileReference; lastKnownFileType = sourcecode.swift; path = ContactViewController.swift; sourceTree = "<group>"; };
		FC7754D9206705CC00FF69E1 /* ProductsTableViewController.swift */ = {isa = PBXFileReference; lastKnownFileType = sourcecode.swift; path = ProductsTableViewController.swift; sourceTree = "<group>"; };
/* End PBXFileReference section */

/* Begin PBXFrameworksBuildPhase section */
		FC7754BB2066E7F900FF69E1 /* Frameworks */ = {
			isa = PBXFrameworksBuildPhase;
			buildActionMask = 2147483647;
			files = (
			);
			runOnlyForDeploymentPostprocessing = 0;
		};
/* End PBXFrameworksBuildPhase section */

/* Begin PBXGroup section */
		FC7754B52066E7F900FF69E1 = {
			isa = PBXGroup;
			children = (
				FC7754C02066E7F900FF69E1 /* GoodAsOldPhone */,
				FC7754BF2066E7F900FF69E1 /* Products */,
			);
			sourceTree = "<group>";
		};
		FC7754BF2066E7F900FF69E1 /* Products */ = {
			isa = PBXGroup;
			children = (
				FC7754BE2066E7F900FF69E1 /* GoodAsOldPhone.app */,
			);
			name = Products;
			sourceTree = "<group>";
		};
		FC7754C02066E7F900FF69E1 /* GoodAsOldPhone */ = {
			isa = PBXGroup;
			children = (
				FC7754C12066E7FA00FF69E1 /* AppDelegate.swift */,
				FC7754C52066E7FA00FF69E1 /* Main.storyboard */,
				FC7754C82066E7FA00FF69E1 /* Assets.xcassets */,
				FC7754CA2066E7FA00FF69E1 /* LaunchScreen.storyboard */,
				FC7754CD2066E7FA00FF69E1 /* Info.plist */,
				FC7754D52066EE9C00FF69E1 /* ProductViewController.swift */,
				FC7754D72066F9AC00FF69E1 /* ContactViewController.swift */,
				FC7754D9206705CC00FF69E1 /* ProductsTableViewController.swift */,
				2BE92D1C208808CC008BA7C0 /* Product.swift */,
			);
			path = GoodAsOldPhone;
			sourceTree = "<group>";
		};
/* End PBXGroup section */

/* Begin PBXNativeTarget section */
		FC7754BD2066E7F900FF69E1 /* GoodAsOldPhone */ = {
			isa = PBXNativeTarget;
			buildConfigurationList = FC7754D02066E7FA00FF69E1 /* Build configuration list for PBXNativeTarget "GoodAsOldPhone" */;
			buildPhases = (
				FC7754BA2066E7F900FF69E1 /* Sources */,
				FC7754BB2066E7F900FF69E1 /* Frameworks */,
				FC7754BC2066E7F900FF69E1 /* Resources */,
			);
			buildRules = (
			);
			dependencies = (
			);
			name = GoodAsOldPhone;
			productName = GoodAsOldPhone;
			productReference = FC7754BE2066E7F900FF69E1 /* GoodAsOldPhone.app */;
			productType = "com.apple.product-type.application";
		};
/* End PBXNativeTarget section */

/* Begin PBXProject section */
		FC7754B62066E7F900FF69E1 /* Project object */ = {
			isa = PBXProject;
			attributes = {
				LastSwiftUpdateCheck = 0920;
				LastUpgradeCheck = 0930;
				ORGANIZATIONNAME = "Jon Edwards";
				TargetAttributes = {
					FC7754BD2066E7F900FF69E1 = {
						CreatedOnToolsVersion = 9.2;
						ProvisioningStyle = Automatic;
					};
				};
			};
			buildConfigurationList = FC7754B92066E7F900FF69E1 /* Build configuration list for PBXProject "GoodAsOldPhone" */;
			compatibilityVersion = "Xcode 8.0";
			developmentRegion = en;
			hasScannedForEncodings = 0;
			knownRegions = (
				en,
				Base,
			);
			mainGroup = FC7754B52066E7F900FF69E1;
			productRefGroup = FC7754BF2066E7F900FF69E1 /* Products */;
			projectDirPath = "";
			projectRoot = "";
			targets = (
				FC7754BD2066E7F900FF69E1 /* GoodAsOldPhone */,
			);
		};
/* End PBXProject section */

/* Begin PBXResourcesBuildPhase section */
		FC7754BC2066E7F900FF69E1 /* Resources */ = {
			isa = PBXResourcesBuildPhase;
			buildActionMask = 2147483647;
			files = (
				FC7754CC2066E7FA00FF69E1 /* LaunchScreen.storyboard in Resources */,
				FC7754C92066E7FA00FF69E1 /* Assets.xcassets in Resources */,
				FC7754C72066E7FA00FF69E1 /* Main.storyboard in Resources */,
			);
			runOnlyForDeploymentPostprocessing = 0;
		};
/* End PBXResourcesBuildPhase section */

/* Begin PBXSourcesBuildPhase section */
		FC7754BA2066E7F900FF69E1 /* Sources */ = {
			isa = PBXSourcesBuildPhase;
			buildActionMask = 2147483647;
			files = (
				FC7754DA206705CC00FF69E1 /* ProductsTableViewController.swift in Sources */,
				FC7754D62066EE9C00FF69E1 /* ProductViewController.swift in Sources */,
				2BE92D1D208808CC008BA7C0 /* Product.swift in Sources */,
				FC7754C22066E7FA00FF69E1 /* AppDelegate.swift in Sources */,
				FC7754D82066F9AC00FF69E1 /* ContactViewController.swift in Sources */,
			);
			runOnlyForDeploymentPostprocessing = 0;
		};
/* End PBXSourcesBuildPhase section */

/* Begin PBXVariantGroup section */
		FC7754C52066E7FA00FF69E1 /* Main.storyboard */ = {
			isa = PBXVariantGroup;
			children = (
				FC7754C62066E7FA00FF69E1 /* Base */,
			);
			name = Main.storyboard;
			sourceTree = "<group>";
		};
		FC7754CA2066E7FA00FF69E1 /* LaunchScreen.storyboard */ = {
			isa = PBXVariantGroup;
			children = (
				FC7754CB2066E7FA00FF69E1 /* Base */,
			);
			name = LaunchScreen.storyboard;
			sourceTree = "<group>";
		};
/* End PBXVariantGroup section */

/* Begin XCBuildConfiguration section */
		FC7754CE2066E7FA00FF69E1 /* Debug */ = {
			isa = XCBuildConfiguration;
			buildSettings = {
				ALWAYS_SEARCH_USER_PATHS = NO;
				CLANG_ANALYZER_NONNULL = YES;
				CLANG_ANALYZER_NUMBER_OBJECT_CONVERSION = YES_AGGRESSIVE;
				CLANG_CXX_LANGUAGE_STANDARD = "gnu++14";
				CLANG_CXX_LIBRARY = "libc++";
				CLANG_ENABLE_MODULES = YES;
				CLANG_ENABLE_OBJC_ARC = YES;
				CLANG_WARN_BLOCK_CAPTURE_AUTORELEASING = YES;
				CLANG_WARN_BOOL_CONVERSION = YES;
				CLANG_WARN_COMMA = YES;
				CLANG_WARN_CONSTANT_CONVERSION = YES;
				CLANG_WARN_DEPRECATED_OBJC_IMPLEMENTATIONS = YES;
				CLANG_WARN_DIRECT_OBJC_ISA_USAGE = YES_ERROR;
				CLANG_WARN_DOCUMENTATION_COMMENTS = YES;
				CLANG_WARN_EMPTY_BODY = YES;
				CLANG_WARN_ENUM_CONVERSION = YES;
				CLANG_WARN_INFINITE_RECURSION = YES;
				CLANG_WARN_INT_CONVERSION = YES;
				CLANG_WARN_NON_LITERAL_NULL_CONVERSION = YES;
				CLANG_WARN_OBJC_IMPLICIT_RETAIN_SELF = YES;
				CLANG_WARN_OBJC_LITERAL_CONVERSION = YES;
				CLANG_WARN_OBJC_ROOT_CLASS = YES_ERROR;
				CLANG_WARN_RANGE_LOOP_ANALYSIS = YES;
				CLANG_WARN_STRICT_PROTOTYPES = YES;
				CLANG_WARN_SUSPICIOUS_MOVE = YES;
				CLANG_WARN_UNGUARDED_AVAILABILITY = YES_AGGRESSIVE;
				CLANG_WARN_UNREACHABLE_CODE = YES;
				CLANG_WARN__DUPLICATE_METHOD_MATCH = YES;
				CODE_SIGN_IDENTITY = "iPhone Developer";
				COPY_PHASE_STRIP = NO;
				DEBUG_INFORMATION_FORMAT = dwarf;
				ENABLE_STRICT_OBJC_MSGSEND = YES;
				ENABLE_TESTABILITY = YES;
				GCC_C_LANGUAGE_STANDARD = gnu11;
				GCC_DYNAMIC_NO_PIC = NO;
				GCC_NO_COMMON_BLOCKS = YES;
				GCC_OPTIMIZATION_LEVEL = 0;
				GCC_PREPROCESSOR_DEFINITIONS = (
					"DEBUG=1",
					"$(inherited)",
				);
				GCC_WARN_64_TO_32_BIT_CONVERSION = YES;
				GCC_WARN_ABOUT_RETURN_TYPE = YES_ERROR;
				GCC_WARN_UNDECLARED_SELECTOR = YES;
				GCC_WARN_UNINITIALIZED_AUTOS = YES_AGGRESSIVE;
				GCC_WARN_UNUSED_FUNCTION = YES;
				GCC_WARN_UNUSED_VARIABLE = YES;
				IPHONEOS_DEPLOYMENT_TARGET = 11.2;
				MTL_ENABLE_DEBUG_INFO = YES;
				ONLY_ACTIVE_ARCH = YES;
				SDKROOT = iphoneos;
				SWIFT_ACTIVE_COMPILATION_CONDITIONS = DEBUG;
				SWIFT_OPTIMIZATION_LEVEL = "-Onone";
			};
			name = Debug;
		};
		FC7754CF2066E7FA00FF69E1 /* Release */ = {
			isa = XCBuildConfiguration;
			buildSettings = {
				ALWAYS_SEARCH_USER_PATHS = NO;
				CLANG_ANALYZER_NONNULL = YES;
				CLANG_ANALYZER_NUMBER_OBJECT_CONVERSION = YES_AGGRESSIVE;
				CLANG_CXX_LANGUAGE_STANDARD = "gnu++14";
				CLANG_CXX_LIBRARY = "libc++";
				CLANG_ENABLE_MODULES = YES;
				CLANG_ENABLE_OBJC_ARC = YES;
				CLANG_WARN_BLOCK_CAPTURE_AUTORELEASING = YES;
				CLANG_WARN_BOOL_CONVERSION = YES;
				CLANG_WARN_COMMA = YES;
				CLANG_WARN_CONSTANT_CONVERSION = YES;
				CLANG_WARN_DEPRECATED_OBJC_IMPLEMENTATIONS = YES;
				CLANG_WARN_DIRECT_OBJC_ISA_USAGE = YES_ERROR;
				CLANG_WARN_DOCUMENTATION_COMMENTS = YES;
				CLANG_WARN_EMPTY_BODY = YES;
				CLANG_WARN_ENUM_CONVERSION = YES;
				CLANG_WARN_INFINITE_RECURSION = YES;
				CLANG_WARN_INT_CONVERSION = YES;
				CLANG_WARN_NON_LITERAL_NULL_CONVERSION = YES;
				CLANG_WARN_OBJC_IMPLICIT_RETAIN_SELF = YES;
				CLANG_WARN_OBJC_LITERAL_CONVERSION = YES;
				CLANG_WARN_OBJC_ROOT_CLASS = YES_ERROR;
				CLANG_WARN_RANGE_LOOP_ANALYSIS = YES;
				CLANG_WARN_STRICT_PROTOTYPES = YES;
				CLANG_WARN_SUSPICIOUS_MOVE = YES;
				CLANG_WARN_UNGUARDED_AVAILABILITY = YES_AGGRESSIVE;
				CLANG_WARN_UNREACHABLE_CODE = YES;
				CLANG_WARN__DUPLICATE_METHOD_MATCH = YES;
				CODE_SIGN_IDENTITY = "iPhone Developer";
				COPY_PHASE_STRIP = NO;
				DEBUG_INFORMATION_FORMAT = "dwarf-with-dsym";
				ENABLE_NS_ASSERTIONS = NO;
				ENABLE_STRICT_OBJC_MSGSEND = YES;
				GCC_C_LANGUAGE_STANDARD = gnu11;
				GCC_NO_COMMON_BLOCKS = YES;
				GCC_WARN_64_TO_32_BIT_CONVERSION = YES;
				GCC_WARN_ABOUT_RETURN_TYPE = YES_ERROR;
				GCC_WARN_UNDECLARED_SELECTOR = YES;
				GCC_WARN_UNINITIALIZED_AUTOS = YES_AGGRESSIVE;
				GCC_WARN_UNUSED_FUNCTION = YES;
				GCC_WARN_UNUSED_VARIABLE = YES;
				IPHONEOS_DEPLOYMENT_TARGET = 11.2;
				MTL_ENABLE_DEBUG_INFO = NO;
				SDKROOT = iphoneos;
				SWIFT_OPTIMIZATION_LEVEL = "-Owholemodule";
				VALIDATE_PRODUCT = YES;
			};
			name = Release;
		};
		FC7754D12066E7FA00FF69E1 /* Debug */ = {
			isa = XCBuildConfiguration;
			buildSettings = {
				ASSETCATALOG_COMPILER_APPICON_NAME = AppIcon;
				CODE_SIGN_STYLE = Automatic;
				INFOPLIST_FILE = GoodAsOldPhone/Info.plist;
				LD_RUNPATH_SEARCH_PATHS = "$(inherited) @executable_path/Frameworks";
				PRODUCT_BUNDLE_IDENTIFIER = com.JKE.GoodAsOldPhone;
				PRODUCT_NAME = "$(TARGET_NAME)";
				SWIFT_VERSION = 4.0;
				TARGETED_DEVICE_FAMILY = "1,2";
			};
			name = Debug;
		};
		FC7754D22066E7FA00FF69E1 /* Release */ = {
			isa = XCBuildConfiguration;
			buildSettings = {
				ASSETCATALOG_COMPILER_APPICON_NAME = AppIcon;
				CODE_SIGN_STYLE = Automatic;
				INFOPLIST_FILE = GoodAsOldPhone/Info.plist;
				LD_RUNPATH_SEARCH_PATHS = "$(inherited) @executable_path/Frameworks";
				PRODUCT_BUNDLE_IDENTIFIER = com.JKE.GoodAsOldPhone;
				PRODUCT_NAME = "$(TARGET_NAME)";
				SWIFT_VERSION = 4.0;
				TARGETED_DEVICE_FAMILY = "1,2";
			};
			name = Release;
		};
/* End XCBuildConfiguration section */

/* Begin XCConfigurationList section */
		FC7754B92066E7F900FF69E1 /* Build configuration list for PBXProject "GoodAsOldPhone" */ = {
			isa = XCConfigurationList;
			buildConfigurations = (
				FC7754CE2066E7FA00FF69E1 /* Debug */,
				FC7754CF2066E7FA00FF69E1 /* Release */,
			);
			defaultConfigurationIsVisible = 0;
			defaultConfigurationName = Release;
		};
		FC7754D02066E7FA00FF69E1 /* Build configuration list for PBXNativeTarget "GoodAsOldPhone" */ = {
			isa = XCConfigurationList;
			buildConfigurations = (
				FC7754D12066E7FA00FF69E1 /* Debug */,
				FC7754D22066E7FA00FF69E1 /* Release */,
			);
			defaultConfigurationIsVisible = 0;
			defaultConfigurationName = Release;
		};
/* End XCConfigurationList section */
	};
	rootObject = FC7754B62066E7F900FF69E1 /* Project object */;
}
